// !$*UTF8*$!
{
	archiveVersion = 1;
	classes = {
	};
	objectVersion = 77;
	objects = {

/* Begin PBXBuildFile section */
		CB34884D2D32ABAC007865A4 /* Then in Frameworks */ = {isa = PBXBuildFile; productRef = CB34884C2D32ABAC007865A4 /* Then */; };
		CB3488502D32ABB8007865A4 /* SnapKit in Frameworks */ = {isa = PBXBuildFile; productRef = CB34884F2D32ABB8007865A4 /* SnapKit */; };
		CB3488532D32ABE0007865A4 /* Moya in Frameworks */ = {isa = PBXBuildFile; productRef = CB3488522D32ABE0007865A4 /* Moya */; };
		CB3488562D32AC0B007865A4 /* SwiftyToaster in Frameworks */ = {isa = PBXBuildFile; productRef = CB3488552D32AC0B007865A4 /* SwiftyToaster */; };
		CB3488592D32AC43007865A4 /* SDWebImage in Frameworks */ = {isa = PBXBuildFile; productRef = CB3488582D32AC43007865A4 /* SDWebImage */; };
		CB34885C2D32AC77007865A4 /* KeychainSwift in Frameworks */ = {isa = PBXBuildFile; productRef = CB34885B2D32AC77007865A4 /* KeychainSwift */; };
/* End PBXBuildFile section */

/* Begin PBXFileReference section */
		CB34881B2D32A8A6007865A4 /* LastCoffee.app */ = {isa = PBXFileReference; explicitFileType = wrapper.application; includeInIndex = 0; path = LastCoffee.app; sourceTree = BUILT_PRODUCTS_DIR; };
/* End PBXFileReference section */

/* Begin PBXFileSystemSynchronizedBuildFileExceptionSet section */
		CB34882D2D32A8A7007865A4 /* Exceptions for "LastCoffee" folder in "LastCoffee" target */ = {
			isa = PBXFileSystemSynchronizedBuildFileExceptionSet;
			membershipExceptions = (
				Info.plist,
			);
			target = CB34881A2D32A8A6007865A4 /* LastCoffee */;
		};
/* End PBXFileSystemSynchronizedBuildFileExceptionSet section */

/* Begin PBXFileSystemSynchronizedRootGroup section */
		CB34881D2D32A8A6007865A4 /* LastCoffee */ = {
			isa = PBXFileSystemSynchronizedRootGroup;
			exceptions = (
				CB34882D2D32A8A7007865A4 /* Exceptions for "LastCoffee" folder in "LastCoffee" target */,
			);
			path = LastCoffee;
			sourceTree = "<group>";
		};
/* End PBXFileSystemSynchronizedRootGroup section */

/* Begin PBXFrameworksBuildPhase section */
		CB3488182D32A8A6007865A4 /* Frameworks */ = {
			isa = PBXFrameworksBuildPhase;
			buildActionMask = 2147483647;
			files = (
				CB34885C2D32AC77007865A4 /* KeychainSwift in Frameworks */,
				CB34884D2D32ABAC007865A4 /* Then in Frameworks */,
				CB3488562D32AC0B007865A4 /* SwiftyToaster in Frameworks */,
				CB3488502D32ABB8007865A4 /* SnapKit in Frameworks */,
				CB3488532D32ABE0007865A4 /* Moya in Frameworks */,
				CB3488592D32AC43007865A4 /* SDWebImage in Frameworks */,
			);
			runOnlyForDeploymentPostprocessing = 0;
		};
/* End PBXFrameworksBuildPhase section */

/* Begin PBXGroup section */
		CB3488122D32A8A6007865A4 = {
			isa = PBXGroup;
			children = (
				CB34881D2D32A8A6007865A4 /* LastCoffee */,
				CB34881C2D32A8A6007865A4 /* Products */,
			);
			sourceTree = "<group>";
		};
		CB34881C2D32A8A6007865A4 /* Products */ = {
			isa = PBXGroup;
			children = (
				CB34881B2D32A8A6007865A4 /* LastCoffee.app */,
			);
			name = Products;
			sourceTree = "<group>";
		};
/* End PBXGroup section */

/* Begin PBXNativeTarget section */
		CB34881A2D32A8A6007865A4 /* LastCoffee */ = {
			isa = PBXNativeTarget;
			buildConfigurationList = CB34882E2D32A8A7007865A4 /* Build configuration list for PBXNativeTarget "LastCoffee" */;
			buildPhases = (
				CB3488172D32A8A6007865A4 /* Sources */,
				CB3488182D32A8A6007865A4 /* Frameworks */,
				CB3488192D32A8A6007865A4 /* Resources */,
			);
			buildRules = (
			);
			dependencies = (
			);
			fileSystemSynchronizedGroups = (
				CB34881D2D32A8A6007865A4 /* LastCoffee */,
			);
			name = LastCoffee;
			packageProductDependencies = (
				CB34884C2D32ABAC007865A4 /* Then */,
				CB34884F2D32ABB8007865A4 /* SnapKit */,
				CB3488522D32ABE0007865A4 /* Moya */,
				CB3488552D32AC0B007865A4 /* SwiftyToaster */,
				CB3488582D32AC43007865A4 /* SDWebImage */,
				CB34885B2D32AC77007865A4 /* KeychainSwift */,
			);
			productName = LastCoffee;
			productReference = CB34881B2D32A8A6007865A4 /* LastCoffee.app */;
			productType = "com.apple.product-type.application";
		};
/* End PBXNativeTarget section */

/* Begin PBXProject section */
		CB3488132D32A8A6007865A4 /* Project object */ = {
			isa = PBXProject;
			attributes = {
				BuildIndependentTargetsInParallel = 1;
				LastSwiftUpdateCheck = 1620;
				LastUpgradeCheck = 1620;
				TargetAttributes = {
					CB34881A2D32A8A6007865A4 = {
						CreatedOnToolsVersion = 16.2;
					};
				};
			};
			buildConfigurationList = CB3488162D32A8A6007865A4 /* Build configuration list for PBXProject "LastCoffee" */;
			developmentRegion = en;
			hasScannedForEncodings = 0;
			knownRegions = (
				en,
				Base,
			);
			mainGroup = CB3488122D32A8A6007865A4;
			minimizedProjectReferenceProxies = 1;
			packageReferences = (
				CB34884B2D32ABAC007865A4 /* XCRemoteSwiftPackageReference "Then" */,
				CB34884E2D32ABB8007865A4 /* XCRemoteSwiftPackageReference "SnapKit" */,
				CB3488512D32ABE0007865A4 /* XCRemoteSwiftPackageReference "Moya" */,
				CB3488542D32AC0B007865A4 /* XCRemoteSwiftPackageReference "SwiftyToaster" */,
				CB3488572D32AC43007865A4 /* XCRemoteSwiftPackageReference "SDWebImage" */,
				CB34885A2D32AC77007865A4 /* XCRemoteSwiftPackageReference "keychain-swift" */,
			);
			preferredProjectObjectVersion = 77;
			productRefGroup = CB34881C2D32A8A6007865A4 /* Products */;
			projectDirPath = "";
			projectRoot = "";
			targets = (
				CB34881A2D32A8A6007865A4 /* LastCoffee */,
			);
		};
/* End PBXProject section */

/* Begin PBXResourcesBuildPhase section */
		CB3488192D32A8A6007865A4 /* Resources */ = {
			isa = PBXResourcesBuildPhase;
			buildActionMask = 2147483647;
			files = (
			);
			runOnlyForDeploymentPostprocessing = 0;
		};
/* End PBXResourcesBuildPhase section */

/* Begin PBXSourcesBuildPhase section */
		CB3488172D32A8A6007865A4 /* Sources */ = {
			isa = PBXSourcesBuildPhase;
			buildActionMask = 2147483647;
			files = (
			);
			runOnlyForDeploymentPostprocessing = 0;
		};
/* End PBXSourcesBuildPhase section */

/* Begin XCBuildConfiguration section */
		CB34882F2D32A8A7007865A4 /* Debug */ = {
			isa = XCBuildConfiguration;
			buildSettings = {
				ASSETCATALOG_COMPILER_APPICON_NAME = AppIcon;
				ASSETCATALOG_COMPILER_GLOBAL_ACCENT_COLOR_NAME = AccentColor;
				CODE_SIGN_STYLE = Automatic;
				CURRENT_PROJECT_VERSION = 1;
				DEVELOPMENT_TEAM = X7TYNR98TC;
				GENERATE_INFOPLIST_FILE = YES;
				INFOPLIST_FILE = LastCoffee/Info.plist;
				INFOPLIST_KEY_UIApplicationSupportsIndirectInputEvents = YES;
				INFOPLIST_KEY_UILaunchStoryboardName = LaunchScreen;
				INFOPLIST_KEY_UISupportedInterfaceOrientations_iPad = "UIInterfaceOrientationPortrait UIInterfaceOrientationPortraitUpsideDown UIInterfaceOrientationLandscapeLeft UIInterfaceOrientationLandscapeRight";
				INFOPLIST_KEY_UISupportedInterfaceOrientations_iPhone = "UIInterfaceOrientationPortrait UIInterfaceOrientationLandscapeLeft UIInterfaceOrientationLandscapeRight";
				LD_RUNPATH_SEARCH_PATHS = (
					"$(inherited)",
					"@executable_path/Frameworks",
				);
				MARKETING_VERSION = 1.0;
				PRODUCT_BUNDLE_IDENTIFIER = kr.ac.indck.hyun.LastCoffee;
				PRODUCT_NAME = "$(TARGET_NAME)";
				SWIFT_EMIT_LOC_STRINGS = YES;
				SWIFT_VERSION = 5.0;
				TARGETED_DEVICE_FAMILY = "1,2";
			};
			name = Debug;
		};
		CB3488302D32A8A7007865A4 /* Release */ = {
			isa = XCBuildConfiguration;
			buildSettings = {
				ASSETCATALOG_COMPILER_APPICON_NAME = AppIcon;
				ASSETCATALOG_COMPILER_GLOBAL_ACCENT_COLOR_NAME = AccentColor;
				CODE_SIGN_STYLE = Automatic;
				CURRENT_PROJECT_VERSION = 1;
				DEVELOPMENT_TEAM = X7TYNR98TC;
				GENERATE_INFOPLIST_FILE = YES;
				INFOPLIST_FILE = LastCoffee/Info.plist;
				INFOPLIST_KEY_UIApplicationSupportsIndirectInputEvents = YES;
				INFOPLIST_KEY_UILaunchStoryboardName = LaunchScreen;
				INFOPLIST_KEY_UISupportedInterfaceOrientations_iPad = "UIInterfaceOrientationPortrait UIInterfaceOrientationPortraitUpsideDown UIInterfaceOrientationLandscapeLeft UIInterfaceOrientationLandscapeRight";
				INFOPLIST_KEY_UISupportedInterfaceOrientations_iPhone = "UIInterfaceOrientationPortrait UIInterfaceOrientationLandscapeLeft UIInterfaceOrientationLandscapeRight";
				LD_RUNPATH_SEARCH_PATHS = (
					"$(inherited)",
					"@executable_path/Frameworks",
				);
				MARKETING_VERSION = 1.0;
				PRODUCT_BUNDLE_IDENTIFIER = kr.ac.indck.hyun.LastCoffee;
				PRODUCT_NAME = "$(TARGET_NAME)";
				SWIFT_EMIT_LOC_STRINGS = YES;
				SWIFT_VERSION = 5.0;
				TARGETED_DEVICE_FAMILY = "1,2";
			};
			name = Release;
		};
		CB3488312D32A8A7007865A4 /* Debug */ = {
			isa = XCBuildConfiguration;
			buildSettings = {
				ALWAYS_SEARCH_USER_PATHS = NO;
				ASSETCATALOG_COMPILER_GENERATE_SWIFT_ASSET_SYMBOL_EXTENSIONS = YES;
				CLANG_ANALYZER_NONNULL = YES;
				CLANG_ANALYZER_NUMBER_OBJECT_CONVERSION = YES_AGGRESSIVE;
				CLANG_CXX_LANGUAGE_STANDARD = "gnu++20";
				CLANG_ENABLE_MODULES = YES;
				CLANG_ENABLE_OBJC_ARC = YES;
				CLANG_ENABLE_OBJC_WEAK = YES;
				CLANG_WARN_BLOCK_CAPTURE_AUTORELEASING = YES;
				CLANG_WARN_BOOL_CONVERSION = YES;
				CLANG_WARN_COMMA = YES;
				CLANG_WARN_CONSTANT_CONVERSION = YES;
				CLANG_WARN_DEPRECATED_OBJC_IMPLEMENTATIONS = YES;
				CLANG_WARN_DIRECT_OBJC_ISA_USAGE = YES_ERROR;
				CLANG_WARN_DOCUMENTATION_COMMENTS = YES;
				CLANG_WARN_EMPTY_BODY = YES;
				CLANG_WARN_ENUM_CONVERSION = YES;
				CLANG_WARN_INFINITE_RECURSION = YES;
				CLANG_WARN_INT_CONVERSION = YES;
				CLANG_WARN_NON_LITERAL_NULL_CONVERSION = YES;
				CLANG_WARN_OBJC_IMPLICIT_RETAIN_SELF = YES;
				CLANG_WARN_OBJC_LITERAL_CONVERSION = YES;
				CLANG_WARN_OBJC_ROOT_CLASS = YES_ERROR;
				CLANG_WARN_QUOTED_INCLUDE_IN_FRAMEWORK_HEADER = YES;
				CLANG_WARN_RANGE_LOOP_ANALYSIS = YES;
				CLANG_WARN_STRICT_PROTOTYPES = YES;
				CLANG_WARN_SUSPICIOUS_MOVE = YES;
				CLANG_WARN_UNGUARDED_AVAILABILITY = YES_AGGRESSIVE;
				CLANG_WARN_UNREACHABLE_CODE = YES;
				CLANG_WARN__DUPLICATE_METHOD_MATCH = YES;
				COPY_PHASE_STRIP = NO;
				DEBUG_INFORMATION_FORMAT = dwarf;
				ENABLE_STRICT_OBJC_MSGSEND = YES;
				ENABLE_TESTABILITY = YES;
				ENABLE_USER_SCRIPT_SANDBOXING = YES;
				GCC_C_LANGUAGE_STANDARD = gnu17;
				GCC_DYNAMIC_NO_PIC = NO;
				GCC_NO_COMMON_BLOCKS = YES;
				GCC_OPTIMIZATION_LEVEL = 0;
				GCC_PREPROCESSOR_DEFINITIONS = (
					"DEBUG=1",
					"$(inherited)",
				);
				GCC_WARN_64_TO_32_BIT_CONVERSION = YES;
				GCC_WARN_ABOUT_RETURN_TYPE = YES_ERROR;
				GCC_WARN_UNDECLARED_SELECTOR = YES;
				GCC_WARN_UNINITIALIZED_AUTOS = YES_AGGRESSIVE;
				GCC_WARN_UNUSED_FUNCTION = YES;
				GCC_WARN_UNUSED_VARIABLE = YES;
				IPHONEOS_DEPLOYMENT_TARGET = 18.2;
				LOCALIZATION_PREFERS_STRING_CATALOGS = YES;
				MTL_ENABLE_DEBUG_INFO = INCLUDE_SOURCE;
				MTL_FAST_MATH = YES;
				ONLY_ACTIVE_ARCH = YES;
				SDKROOT = iphoneos;
				SWIFT_ACTIVE_COMPILATION_CONDITIONS = "DEBUG $(inherited)";
				SWIFT_OPTIMIZATION_LEVEL = "-Onone";
			};
			name = Debug;
		};
		CB3488322D32A8A7007865A4 /* Release */ = {
			isa = XCBuildConfiguration;
			buildSettings = {
				ALWAYS_SEARCH_USER_PATHS = NO;
				ASSETCATALOG_COMPILER_GENERATE_SWIFT_ASSET_SYMBOL_EXTENSIONS = YES;
				CLANG_ANALYZER_NONNULL = YES;
				CLANG_ANALYZER_NUMBER_OBJECT_CONVERSION = YES_AGGRESSIVE;
				CLANG_CXX_LANGUAGE_STANDARD = "gnu++20";
				CLANG_ENABLE_MODULES = YES;
				CLANG_ENABLE_OBJC_ARC = YES;
				CLANG_ENABLE_OBJC_WEAK = YES;
				CLANG_WARN_BLOCK_CAPTURE_AUTORELEASING = YES;
				CLANG_WARN_BOOL_CONVERSION = YES;
				CLANG_WARN_COMMA = YES;
				CLANG_WARN_CONSTANT_CONVERSION = YES;
				CLANG_WARN_DEPRECATED_OBJC_IMPLEMENTATIONS = YES;
				CLANG_WARN_DIRECT_OBJC_ISA_USAGE = YES_ERROR;
				CLANG_WARN_DOCUMENTATION_COMMENTS = YES;
				CLANG_WARN_EMPTY_BODY = YES;
				CLANG_WARN_ENUM_CONVERSION = YES;
				CLANG_WARN_INFINITE_RECURSION = YES;
				CLANG_WARN_INT_CONVERSION = YES;
				CLANG_WARN_NON_LITERAL_NULL_CONVERSION = YES;
				CLANG_WARN_OBJC_IMPLICIT_RETAIN_SELF = YES;
				CLANG_WARN_OBJC_LITERAL_CONVERSION = YES;
				CLANG_WARN_OBJC_ROOT_CLASS = YES_ERROR;
				CLANG_WARN_QUOTED_INCLUDE_IN_FRAMEWORK_HEADER = YES;
				CLANG_WARN_RANGE_LOOP_ANALYSIS = YES;
				CLANG_WARN_STRICT_PROTOTYPES = YES;
				CLANG_WARN_SUSPICIOUS_MOVE = YES;
				CLANG_WARN_UNGUARDED_AVAILABILITY = YES_AGGRESSIVE;
				CLANG_WARN_UNREACHABLE_CODE = YES;
				CLANG_WARN__DUPLICATE_METHOD_MATCH = YES;
				COPY_PHASE_STRIP = NO;
				DEBUG_INFORMATION_FORMAT = "dwarf-with-dsym";
				ENABLE_NS_ASSERTIONS = NO;
				ENABLE_STRICT_OBJC_MSGSEND = YES;
				ENABLE_USER_SCRIPT_SANDBOXING = YES;
				GCC_C_LANGUAGE_STANDARD = gnu17;
				GCC_NO_COMMON_BLOCKS = YES;
				GCC_WARN_64_TO_32_BIT_CONVERSION = YES;
				GCC_WARN_ABOUT_RETURN_TYPE = YES_ERROR;
				GCC_WARN_UNDECLARED_SELECTOR = YES;
				GCC_WARN_UNINITIALIZED_AUTOS = YES_AGGRESSIVE;
				GCC_WARN_UNUSED_FUNCTION = YES;
				GCC_WARN_UNUSED_VARIABLE = YES;
				IPHONEOS_DEPLOYMENT_TARGET = 18.2;
				LOCALIZATION_PREFERS_STRING_CATALOGS = YES;
				MTL_ENABLE_DEBUG_INFO = NO;
				MTL_FAST_MATH = YES;
				SDKROOT = iphoneos;
				SWIFT_COMPILATION_MODE = wholemodule;
				VALIDATE_PRODUCT = YES;
			};
			name = Release;
		};
/* End XCBuildConfiguration section */

/* Begin XCConfigurationList section */
		CB3488162D32A8A6007865A4 /* Build configuration list for PBXProject "LastCoffee" */ = {
			isa = XCConfigurationList;
			buildConfigurations = (
				CB3488312D32A8A7007865A4 /* Debug */,
				CB3488322D32A8A7007865A4 /* Release */,
			);
			defaultConfigurationIsVisible = 0;
			defaultConfigurationName = Release;
		};
		CB34882E2D32A8A7007865A4 /* Build configuration list for PBXNativeTarget "LastCoffee" */ = {
			isa = XCConfigurationList;
			buildConfigurations = (
				CB34882F2D32A8A7007865A4 /* Debug */,
				CB3488302D32A8A7007865A4 /* Release */,
			);
			defaultConfigurationIsVisible = 0;
			defaultConfigurationName = Release;
		};
/* End XCConfigurationList section */

/* Begin XCRemoteSwiftPackageReference section */
		CB34884B2D32ABAC007865A4 /* XCRemoteSwiftPackageReference "Then" */ = {
			isa = XCRemoteSwiftPackageReference;
			repositoryURL = "https://github.com/devxoul/Then.git";
			requirement = {
				kind = upToNextMajorVersion;
				minimumVersion = 3.0.0;
			};
		};
		CB34884E2D32ABB8007865A4 /* XCRemoteSwiftPackageReference "SnapKit" */ = {
			isa = XCRemoteSwiftPackageReference;
			repositoryURL = "https://github.com/SnapKit/SnapKit.git";
			requirement = {
				kind = upToNextMajorVersion;
				minimumVersion = 5.7.1;
			};
		};
		CB3488512D32ABE0007865A4 /* XCRemoteSwiftPackageReference "Moya" */ = {
			isa = XCRemoteSwiftPackageReference;
			repositoryURL = "https://github.com/Moya/Moya";
			requirement = {
				kind = upToNextMajorVersion;
				minimumVersion = 15.0.3;
			};
		};
		CB3488542D32AC0B007865A4 /* XCRemoteSwiftPackageReference "SwiftyToaster" */ = {
			isa = XCRemoteSwiftPackageReference;
			repositoryURL = "https://github.com/noeyiz/SwiftyToaster";
			requirement = {
				kind = upToNextMajorVersion;
				minimumVersion = 1.0.2;
			};
		};
		CB3488572D32AC43007865A4 /* XCRemoteSwiftPackageReference "SDWebImage" */ = {
			isa = XCRemoteSwiftPackageReference;
			repositoryURL = "https://github.com/SDWebImage/SDWebImage.git";
			requirement = {
				kind = upToNextMajorVersion;
				minimumVersion = 5.20.0;
			};
		};
		CB34885A2D32AC77007865A4 /* XCRemoteSwiftPackageReference "keychain-swift" */ = {
			isa = XCRemoteSwiftPackageReference;
			repositoryURL = "https://github.com/evgenyneu/keychain-swift.git";
			requirement = {
				kind = upToNextMajorVersion;
				minimumVersion = 24.0.0;
			};
		};
/* End XCRemoteSwiftPackageReference section */

/* Begin XCSwiftPackageProductDependency section */
		CB34884C2D32ABAC007865A4 /* Then */ = {
			isa = XCSwiftPackageProductDependency;
			package = CB34884B2D32ABAC007865A4 /* XCRemoteSwiftPackageReference "Then" */;
			productName = Then;
		};
		CB34884F2D32ABB8007865A4 /* SnapKit */ = {
			isa = XCSwiftPackageProductDependency;
			package = CB34884E2D32ABB8007865A4 /* XCRemoteSwiftPackageReference "SnapKit" */;
			productName = SnapKit;
		};
		CB3488522D32ABE0007865A4 /* Moya */ = {
			isa = XCSwiftPackageProductDependency;
			package = CB3488512D32ABE0007865A4 /* XCRemoteSwiftPackageReference "Moya" */;
			productName = Moya;
		};
		CB3488552D32AC0B007865A4 /* SwiftyToaster */ = {
			isa = XCSwiftPackageProductDependency;
			package = CB3488542D32AC0B007865A4 /* XCRemoteSwiftPackageReference "SwiftyToaster" */;
			productName = SwiftyToaster;
		};
		CB3488582D32AC43007865A4 /* SDWebImage */ = {
			isa = XCSwiftPackageProductDependency;
			package = CB3488572D32AC43007865A4 /* XCRemoteSwiftPackageReference "SDWebImage" */;
			productName = SDWebImage;
		};
		CB34885B2D32AC77007865A4 /* KeychainSwift */ = {
			isa = XCSwiftPackageProductDependency;
			package = CB34885A2D32AC77007865A4 /* XCRemoteSwiftPackageReference "keychain-swift" */;
			productName = KeychainSwift;
		};
/* End XCSwiftPackageProductDependency section */
	};
	rootObject = CB3488132D32A8A6007865A4 /* Project object */;
}
